
Microsoft Visual Studio Solution File, Format Version 12.00
# Visual Studio Version 16
VisualStudioVersion = 16.0.28705.295
MinimumVisualStudioVersion = 10.0.40219.1
Project("{FAE04EC0-301F-11D3-BF4B-00C04F79EFBC}") = "TextFileChallenge", "TextFileChallenge\TextFileChallenge.csproj", "{E8F410AB-862F-4A71-A460-672DC547C756}"
EndProject
Project("{2150E333-8FDC-42A3-9474-1A3956D46DE8}") = "Solution Items", "Solution Items", "{4DA269FF-DA2A-404D-A694-D7C7727DCBB4}"
	ProjectSection(SolutionItems) = preProject
		appveyor.yml = appveyor.yml
		codecov.yml = codecov.yml
		README.md = README.md
	EndProjectSection
EndProject
Project("{FAE04EC0-301F-11D3-BF4B-00C04F79EFBC}") = "WeeklyChallengeTests", "WeeklyChallengeTests\WeeklyChallengeTests.csproj", "{87C7CA0E-797A-4FE2-A639-B5359A00D1BB}"
EndProject
Project("{FAE04EC0-301F-11D3-BF4B-00C04F79EFBC}") = "ForEachChallenge", "ForEachChallenge\ForEachChallenge.csproj", "{205BC766-EF65-4D2C-9BE3-C025AF13A9EB}"
EndProject
Global
	GlobalSection(SolutionConfigurationPlatforms) = preSolution
		Debug|Any CPU = Debug|Any CPU
		Release|Any CPU = Release|Any CPU
	EndGlobalSection
	GlobalSection(ProjectConfigurationPlatforms) = postSolution
		{E8F410AB-862F-4A71-A460-672DC547C756}.Debug|Any CPU.ActiveCfg = Debug|Any CPU
		{E8F410AB-862F-4A71-A460-672DC547C756}.Debug|Any CPU.Build.0 = Debug|Any CPU
		{E8F410AB-862F-4A71-A460-672DC547C756}.Release|Any CPU.ActiveCfg = Release|Any CPU
		{E8F410AB-862F-4A71-A460-672DC547C756}.Release|Any CPU.Build.0 = Release|Any CPU
		{87C7CA0E-797A-4FE2-A639-B5359A00D1BB}.Debug|Any CPU.ActiveCfg = Debug|Any CPU
		{87C7CA0E-797A-4FE2-A639-B5359A00D1BB}.Debug|Any CPU.Build.0 = Debug|Any CPU
		{87C7CA0E-797A-4FE2-A639-B5359A00D1BB}.Release|Any CPU.ActiveCfg = Release|Any CPU
		{87C7CA0E-797A-4FE2-A639-B5359A00D1BB}.Release|Any CPU.Build.0 = Release|Any CPU
		{205BC766-EF65-4D2C-9BE3-C025AF13A9EB}.Debug|Any CPU.ActiveCfg = Debug|Any CPU
		{205BC766-EF65-4D2C-9BE3-C025AF13A9EB}.Debug|Any CPU.Build.0 = Debug|Any CPU
		{205BC766-EF65-4D2C-9BE3-C025AF13A9EB}.Release|Any CPU.ActiveCfg = Release|Any CPU
		{205BC766-EF65-4D2C-9BE3-C025AF13A9EB}.Release|Any CPU.Build.0 = Release|Any CPU
	EndGlobalSection
	GlobalSection(SolutionProperties) = preSolution
		HideSolutionNode = FALSE
	EndGlobalSection
	GlobalSection(ExtensibilityGlobals) = postSolution
		SolutionGuid = {8A8E9463-F4FE-499D-8C8E-9E8C3074B1E0}
	EndGlobalSection
EndGlobal
